
Microsoft Visual Studio Solution File, Format Version 12.00
# Visual Studio Version 16
VisualStudioVersion = 16.0.32126.315
MinimumVisualStudioVersion = 10.0.40219.1
Project("{FAE04EC0-301F-11D3-BF4B-00C04F79EFBC}") = "RetailBanking", "RetailBanking.csproj", "{14E6C4DC-D2AD-486C-95F4-D0A93DEDD06E}"
EndProject
Global
	GlobalSection(SolutionConfigurationPlatforms) = preSolution
		Debug|Any CPU = Debug|Any CPU
		Release|Any CPU = Release|Any CPU
	EndGlobalSection
	GlobalSection(ProjectConfigurationPlatforms) = postSolution
		{14E6C4DC-D2AD-486C-95F4-D0A93DEDD06E}.Debug|Any CPU.ActiveCfg = Debug|Any CPU
		{14E6C4DC-D2AD-486C-95F4-D0A93DEDD06E}.Debug|Any CPU.Build.0 = Debug|Any CPU
		{14E6C4DC-D2AD-486C-95F4-D0A93DEDD06E}.Release|Any CPU.ActiveCfg = Release|Any CPU
		{14E6C4DC-D2AD-486C-95F4-D0A93DEDD06E}.Release|Any CPU.Build.0 = Release|Any CPU
	EndGlobalSection
	GlobalSection(SolutionProperties) = preSolution
		HideSolutionNode = FALSE
	EndGlobalSection
	GlobalSection(ExtensibilityGlobals) = postSolution
		SolutionGuid = {B5CF286B-22A7-4D68-B446-3A1D4B8799E6}
	EndGlobalSection
EndGlobal
